# This file is automatically @generated by Cargo.
# It is not intended for manual editing.
version = 3

[[package]]
name = "decode"
version = "0.1.0"

[[package]]
name = "decode_given_key"
version = "0.1.0"
dependencies = [
 "keyphrase",
]

[[package]]
name = "decode_given_length"
version = "0.1.0"

[[package]]
name = "encode"
version = "0.1.0"
dependencies = [
 "keyphrase",
]

[[package]]
name = "keyphrase"
version = "0.1.0"
